
Microsoft Visual Studio Solution File, Format Version 12.00
Project("{2150E333-8FDC-42A3-9474-1A3956D46DE8}") = "Solution Items", "Solution Items", "{DBA1CD82-669E-438B-9EC8-A7B3CFDB1C64}"
	ProjectSection(SolutionItems) = preProject
		compose.yaml = compose.yaml
	EndProjectSection
EndProject
Project("{2150E333-8FDC-42A3-9474-1A3956D46DE8}") = "src", "src", "{0ABCFCD2-B063-4A2A-82C2-24DD74FFD1C0}"
EndProject
Project("{2150E333-8FDC-42A3-9474-1A3956D46DE8}") = "Api", "Api", "{F6FB6986-9596-40D8-9D87-B3EE7F126464}"
EndProject
Project("{FAE04EC0-301F-11D3-BF4B-00C04F79EFBC}") = "Booking.Api", "src\Api\Booking.Api\Booking.Api.csproj", "{526F466F-5A5F-4B14-8A8B-0BCD3F18CE7B}"
EndProject
Project("{2150E333-8FDC-42A3-9474-1A3956D46DE8}") = "Modules", "Modules", "{640BF6E0-CE0A-4756-B13E-D1C45328D643}"
EndProject
Project("{FAE04EC0-301F-11D3-BF4B-00C04F79EFBC}") = "Booking.Modules.Users", "src\Modules\Booking.Modules.Users\Booking.Modules.Users.csproj", "{68C6C607-7EBB-4C57-B9BF-B175783D01BC}"
EndProject
Project("{FAE04EC0-301F-11D3-BF4B-00C04F79EFBC}") = "Booking.Modules.Mentorships", "src\Modules\Booking.Modules.Mentorships\Booking.Modules.Mentorships.csproj", "{8B977FB6-C9C2-40C1-93BD-B5925CD1A34F}"
EndProject
Project("{2150E333-8FDC-42A3-9474-1A3956D46DE8}") = "Common", "Common", "{FF80BF19-C46B-41FB-A19D-89FADF9B5313}"
EndProject
Project("{FAE04EC0-301F-11D3-BF4B-00C04F79EFBC}") = "Booking.Common", "src\Common\Booking.Common\Booking.Common.csproj", "{8302ED59-578D-412A-993C-816355EF3377}"
EndProject
Project("{2150E333-8FDC-42A3-9474-1A3956D46DE8}") = "tests", "tests", "{0AB3BF05-4346-4AA6-1389-037BE0695223}"
EndProject
Project("{FAE04EC0-301F-11D3-BF4B-00C04F79EFBC}") = "IntegrationsTests", "tests\IntegrationsTests\IntegrationsTests.csproj", "{32D79506-7C28-490E-A858-0CC8712AAF4C}"
EndProject
Global
	GlobalSection(SolutionConfigurationPlatforms) = preSolution
		Debug|Any CPU = Debug|Any CPU
		Debug|x64 = Debug|x64
		Debug|x86 = Debug|x86
		Release|Any CPU = Release|Any CPU
		Release|x64 = Release|x64
		Release|x86 = Release|x86
	EndGlobalSection
	GlobalSection(ProjectConfigurationPlatforms) = postSolution
		{526F466F-5A5F-4B14-8A8B-0BCD3F18CE7B}.Debug|Any CPU.ActiveCfg = Debug|Any CPU
		{526F466F-5A5F-4B14-8A8B-0BCD3F18CE7B}.Debug|Any CPU.Build.0 = Debug|Any CPU
		{526F466F-5A5F-4B14-8A8B-0BCD3F18CE7B}.Debug|x64.ActiveCfg = Debug|Any CPU
		{526F466F-5A5F-4B14-8A8B-0BCD3F18CE7B}.Debug|x64.Build.0 = Debug|Any CPU
		{526F466F-5A5F-4B14-8A8B-0BCD3F18CE7B}.Debug|x86.ActiveCfg = Debug|Any CPU
		{526F466F-5A5F-4B14-8A8B-0BCD3F18CE7B}.Debug|x86.Build.0 = Debug|Any CPU
		{526F466F-5A5F-4B14-8A8B-0BCD3F18CE7B}.Release|Any CPU.ActiveCfg = Release|Any CPU
		{526F466F-5A5F-4B14-8A8B-0BCD3F18CE7B}.Release|Any CPU.Build.0 = Release|Any CPU
		{526F466F-5A5F-4B14-8A8B-0BCD3F18CE7B}.Release|x64.ActiveCfg = Release|Any CPU
		{526F466F-5A5F-4B14-8A8B-0BCD3F18CE7B}.Release|x64.Build.0 = Release|Any CPU
		{526F466F-5A5F-4B14-8A8B-0BCD3F18CE7B}.Release|x86.ActiveCfg = Release|Any CPU
		{526F466F-5A5F-4B14-8A8B-0BCD3F18CE7B}.Release|x86.Build.0 = Release|Any CPU
		{68C6C607-7EBB-4C57-B9BF-B175783D01BC}.Debug|Any CPU.ActiveCfg = Debug|Any CPU
		{68C6C607-7EBB-4C57-B9BF-B175783D01BC}.Debug|Any CPU.Build.0 = Debug|Any CPU
		{68C6C607-7EBB-4C57-B9BF-B175783D01BC}.Debug|x64.ActiveCfg = Debug|Any CPU
		{68C6C607-7EBB-4C57-B9BF-B175783D01BC}.Debug|x64.Build.0 = Debug|Any CPU
		{68C6C607-7EBB-4C57-B9BF-B175783D01BC}.Debug|x86.ActiveCfg = Debug|Any CPU
		{68C6C607-7EBB-4C57-B9BF-B175783D01BC}.Debug|x86.Build.0 = Debug|Any CPU
		{68C6C607-7EBB-4C57-B9BF-B175783D01BC}.Release|Any CPU.ActiveCfg = Release|Any CPU
		{68C6C607-7EBB-4C57-B9BF-B175783D01BC}.Release|Any CPU.Build.0 = Release|Any CPU
		{68C6C607-7EBB-4C57-B9BF-B175783D01BC}.Release|x64.ActiveCfg = Release|Any CPU
		{68C6C607-7EBB-4C57-B9BF-B175783D01BC}.Release|x64.Build.0 = Release|Any CPU
		{68C6C607-7EBB-4C57-B9BF-B175783D01BC}.Release|x86.ActiveCfg = Release|Any CPU
		{68C6C607-7EBB-4C57-B9BF-B175783D01BC}.Release|x86.Build.0 = Release|Any CPU
		{8B977FB6-C9C2-40C1-93BD-B5925CD1A34F}.Debug|Any CPU.ActiveCfg = Debug|Any CPU
		{8B977FB6-C9C2-40C1-93BD-B5925CD1A34F}.Debug|Any CPU.Build.0 = Debug|Any CPU
		{8B977FB6-C9C2-40C1-93BD-B5925CD1A34F}.Debug|x64.ActiveCfg = Debug|Any CPU
		{8B977FB6-C9C2-40C1-93BD-B5925CD1A34F}.Debug|x64.Build.0 = Debug|Any CPU
		{8B977FB6-C9C2-40C1-93BD-B5925CD1A34F}.Debug|x86.ActiveCfg = Debug|Any CPU
		{8B977FB6-C9C2-40C1-93BD-B5925CD1A34F}.Debug|x86.Build.0 = Debug|Any CPU
		{8B977FB6-C9C2-40C1-93BD-B5925CD1A34F}.Release|Any CPU.ActiveCfg = Release|Any CPU
		{8B977FB6-C9C2-40C1-93BD-B5925CD1A34F}.Release|Any CPU.Build.0 = Release|Any CPU
		{8B977FB6-C9C2-40C1-93BD-B5925CD1A34F}.Release|x64.ActiveCfg = Release|Any CPU
		{8B977FB6-C9C2-40C1-93BD-B5925CD1A34F}.Release|x64.Build.0 = Release|Any CPU
		{8B977FB6-C9C2-40C1-93BD-B5925CD1A34F}.Release|x86.ActiveCfg = Release|Any CPU
		{8B977FB6-C9C2-40C1-93BD-B5925CD1A34F}.Release|x86.Build.0 = Release|Any CPU
		{8302ED59-578D-412A-993C-816355EF3377}.Debug|Any CPU.ActiveCfg = Debug|Any CPU
		{8302ED59-578D-412A-993C-816355EF3377}.Debug|Any CPU.Build.0 = Debug|Any CPU
		{8302ED59-578D-412A-993C-816355EF3377}.Debug|x64.ActiveCfg = Debug|Any CPU
		{8302ED59-578D-412A-993C-816355EF3377}.Debug|x64.Build.0 = Debug|Any CPU
		{8302ED59-578D-412A-993C-816355EF3377}.Debug|x86.ActiveCfg = Debug|Any CPU
		{8302ED59-578D-412A-993C-816355EF3377}.Debug|x86.Build.0 = Debug|Any CPU
		{8302ED59-578D-412A-993C-816355EF3377}.Release|Any CPU.ActiveCfg = Release|Any CPU
		{8302ED59-578D-412A-993C-816355EF3377}.Release|Any CPU.Build.0 = Release|Any CPU
		{8302ED59-578D-412A-993C-816355EF3377}.Release|x64.ActiveCfg = Release|Any CPU
		{8302ED59-578D-412A-993C-816355EF3377}.Release|x64.Build.0 = Release|Any CPU
		{8302ED59-578D-412A-993C-816355EF3377}.Release|x86.ActiveCfg = Release|Any CPU
		{8302ED59-578D-412A-993C-816355EF3377}.Release|x86.Build.0 = Release|Any CPU
		{32D79506-7C28-490E-A858-0CC8712AAF4C}.Debug|Any CPU.ActiveCfg = Debug|Any CPU
		{32D79506-7C28-490E-A858-0CC8712AAF4C}.Debug|Any CPU.Build.0 = Debug|Any CPU
		{32D79506-7C28-490E-A858-0CC8712AAF4C}.Debug|x64.ActiveCfg = Debug|Any CPU
		{32D79506-7C28-490E-A858-0CC8712AAF4C}.Debug|x64.Build.0 = Debug|Any CPU
		{32D79506-7C28-490E-A858-0CC8712AAF4C}.Debug|x86.ActiveCfg = Debug|Any CPU
		{32D79506-7C28-490E-A858-0CC8712AAF4C}.Debug|x86.Build.0 = Debug|Any CPU
		{32D79506-7C28-490E-A858-0CC8712AAF4C}.Release|Any CPU.ActiveCfg = Release|Any CPU
		{32D79506-7C28-490E-A858-0CC8712AAF4C}.Release|Any CPU.Build.0 = Release|Any CPU
		{32D79506-7C28-490E-A858-0CC8712AAF4C}.Release|x64.ActiveCfg = Release|Any CPU
		{32D79506-7C28-490E-A858-0CC8712AAF4C}.Release|x64.Build.0 = Release|Any CPU
		{32D79506-7C28-490E-A858-0CC8712AAF4C}.Release|x86.ActiveCfg = Release|Any CPU
		{32D79506-7C28-490E-A858-0CC8712AAF4C}.Release|x86.Build.0 = Release|Any CPU
	EndGlobalSection
	GlobalSection(SolutionProperties) = preSolution
		HideSolutionNode = FALSE
	EndGlobalSection
	GlobalSection(NestedProjects) = preSolution
		{F6FB6986-9596-40D8-9D87-B3EE7F126464} = {0ABCFCD2-B063-4A2A-82C2-24DD74FFD1C0}
		{526F466F-5A5F-4B14-8A8B-0BCD3F18CE7B} = {F6FB6986-9596-40D8-9D87-B3EE7F126464}
		{640BF6E0-CE0A-4756-B13E-D1C45328D643} = {0ABCFCD2-B063-4A2A-82C2-24DD74FFD1C0}
		{68C6C607-7EBB-4C57-B9BF-B175783D01BC} = {640BF6E0-CE0A-4756-B13E-D1C45328D643}
		{8B977FB6-C9C2-40C1-93BD-B5925CD1A34F} = {640BF6E0-CE0A-4756-B13E-D1C45328D643}
		{FF80BF19-C46B-41FB-A19D-89FADF9B5313} = {0ABCFCD2-B063-4A2A-82C2-24DD74FFD1C0}
		{8302ED59-578D-412A-993C-816355EF3377} = {FF80BF19-C46B-41FB-A19D-89FADF9B5313}
		{32D79506-7C28-490E-A858-0CC8712AAF4C} = {0AB3BF05-4346-4AA6-1389-037BE0695223}
	EndGlobalSection
EndGlobal
