
Microsoft Visual Studio Solution File, Format Version 12.00
Project("{FAE04EC0-301F-11D3-BF4B-00C04F79EFBC}") = "Booking.Modules.Notifications", "Booking.Modules.Notifications.csproj", "{A8ABF393-6129-4FF1-BE76-EFEB90E25A17}"
EndProject
Global
	GlobalSection(SolutionConfigurationPlatforms) = preSolution
		Debug|Any CPU = Debug|Any CPU
		Release|Any CPU = Release|Any CPU
	EndGlobalSection
	GlobalSection(ProjectConfigurationPlatforms) = postSolution
		{A8ABF393-6129-4FF1-BE76-EFEB90E25A17}.Debug|Any CPU.ActiveCfg = Debug|Any CPU
		{A8ABF393-6129-4FF1-BE76-EFEB90E25A17}.Debug|Any CPU.Build.0 = Debug|Any CPU
		{A8ABF393-6129-4FF1-BE76-EFEB90E25A17}.Release|Any CPU.ActiveCfg = Release|Any CPU
		{A8ABF393-6129-4FF1-BE76-EFEB90E25A17}.Release|Any CPU.Build.0 = Release|Any CPU
	EndGlobalSection
EndGlobal
